
Microsoft Visual Studio Solution File, Format Version 12.00
# Visual Studio Version 17
VisualStudioVersion = 17.9.34902.65
MinimumVisualStudioVersion = 10.0.40219.1
Project("{FAE04EC0-301F-11D3-BF4B-00C04F79EFBC}") = "APiPrueba", "APiPrueba\APiPrueba.csproj", "{4FC0E0FF-727D-442E-8FA3-F327C1BD4647}"
EndProject
Project("{FAE04EC0-301F-11D3-BF4B-00C04F79EFBC}") = "Logica", "Logica\Logica.csproj", "{66792388-04F0-4C9D-9497-1E0BD8BE5C48}"
EndProject
Project("{FAE04EC0-301F-11D3-BF4B-00C04F79EFBC}") = "Datos", "Datos\Datos.csproj", "{DDA63E85-9ECF-4BBD-B408-F5A1985C0A73}"
EndProject
Global
	GlobalSection(SolutionConfigurationPlatforms) = preSolution
		Debug|Any CPU = Debug|Any CPU
		Release|Any CPU = Release|Any CPU
	EndGlobalSection
	GlobalSection(ProjectConfigurationPlatforms) = postSolution
		{4FC0E0FF-727D-442E-8FA3-F327C1BD4647}.Debug|Any CPU.ActiveCfg = Debug|Any CPU
		{4FC0E0FF-727D-442E-8FA3-F327C1BD4647}.Debug|Any CPU.Build.0 = Debug|Any CPU
		{4FC0E0FF-727D-442E-8FA3-F327C1BD4647}.Release|Any CPU.ActiveCfg = Release|Any CPU
		{4FC0E0FF-727D-442E-8FA3-F327C1BD4647}.Release|Any CPU.Build.0 = Release|Any CPU
		{66792388-04F0-4C9D-9497-1E0BD8BE5C48}.Debug|Any CPU.ActiveCfg = Debug|Any CPU
		{66792388-04F0-4C9D-9497-1E0BD8BE5C48}.Debug|Any CPU.Build.0 = Debug|Any CPU
		{66792388-04F0-4C9D-9497-1E0BD8BE5C48}.Release|Any CPU.ActiveCfg = Release|Any CPU
		{66792388-04F0-4C9D-9497-1E0BD8BE5C48}.Release|Any CPU.Build.0 = Release|Any CPU
		{DDA63E85-9ECF-4BBD-B408-F5A1985C0A73}.Debug|Any CPU.ActiveCfg = Debug|Any CPU
		{DDA63E85-9ECF-4BBD-B408-F5A1985C0A73}.Debug|Any CPU.Build.0 = Debug|Any CPU
		{DDA63E85-9ECF-4BBD-B408-F5A1985C0A73}.Release|Any CPU.ActiveCfg = Release|Any CPU
		{DDA63E85-9ECF-4BBD-B408-F5A1985C0A73}.Release|Any CPU.Build.0 = Release|Any CPU
	EndGlobalSection
	GlobalSection(SolutionProperties) = preSolution
		HideSolutionNode = FALSE
	EndGlobalSection
	GlobalSection(ExtensibilityGlobals) = postSolution
		SolutionGuid = {6977B8ED-C496-4BD3-9CA9-63A362619DC3}
	EndGlobalSection
EndGlobal
